
Microsoft Visual Studio Solution File, Format Version 12.00
# Visual Studio Version 17
VisualStudioVersion = 17.10.35013.160
MinimumVisualStudioVersion = 10.0.40219.1
Project("{8BC9CEB8-8B4A-11D0-8D11-00A0C91BC942}") = "IdealEngineRenderer", "IdealEngineRenderer\IdealEngineRenderer.vcxproj", "{2DA18710-34EC-42E6-A3D6-7977422B78B0}"
EndProject
Project("{8BC9CEB8-8B4A-11D0-8D11-00A0C91BC942}") = "IdealEngineRendererDemo", "IdealEngineRendererDemo\IdealEngineRendererDemo.vcxproj", "{23E1B5C6-A651-4D4F-982B-3A66251B61E5}"
EndProject
Global
	GlobalSection(SolutionConfigurationPlatforms) = preSolution
		Debug|x64 = Debug|x64
		Debug|x86 = Debug|x86
		Release|x64 = Release|x64
		Release|x86 = Release|x86
	EndGlobalSection
	GlobalSection(ProjectConfigurationPlatforms) = postSolution
		{2DA18710-34EC-42E6-A3D6-7977422B78B0}.Debug|x64.ActiveCfg = Debug|x64
		{2DA18710-34EC-42E6-A3D6-7977422B78B0}.Debug|x64.Build.0 = Debug|x64
		{2DA18710-34EC-42E6-A3D6-7977422B78B0}.Debug|x86.ActiveCfg = Debug|Win32
		{2DA18710-34EC-42E6-A3D6-7977422B78B0}.Debug|x86.Build.0 = Debug|Win32
		{2DA18710-34EC-42E6-A3D6-7977422B78B0}.Release|x64.ActiveCfg = Release|x64
		{2DA18710-34EC-42E6-A3D6-7977422B78B0}.Release|x64.Build.0 = Release|x64
		{2DA18710-34EC-42E6-A3D6-7977422B78B0}.Release|x86.ActiveCfg = Release|Win32
		{2DA18710-34EC-42E6-A3D6-7977422B78B0}.Release|x86.Build.0 = Release|Win32
		{23E1B5C6-A651-4D4F-982B-3A66251B61E5}.Debug|x64.ActiveCfg = Debug|x64
		{23E1B5C6-A651-4D4F-982B-3A66251B61E5}.Debug|x64.Build.0 = Debug|x64
		{23E1B5C6-A651-4D4F-982B-3A66251B61E5}.Debug|x86.ActiveCfg = Debug|Win32
		{23E1B5C6-A651-4D4F-982B-3A66251B61E5}.Debug|x86.Build.0 = Debug|Win32
		{23E1B5C6-A651-4D4F-982B-3A66251B61E5}.Release|x64.ActiveCfg = Release|x64
		{23E1B5C6-A651-4D4F-982B-3A66251B61E5}.Release|x64.Build.0 = Release|x64
		{23E1B5C6-A651-4D4F-982B-3A66251B61E5}.Release|x86.ActiveCfg = Release|Win32
		{23E1B5C6-A651-4D4F-982B-3A66251B61E5}.Release|x86.Build.0 = Release|Win32
	EndGlobalSection
	GlobalSection(SolutionProperties) = preSolution
		HideSolutionNode = FALSE
	EndGlobalSection
	GlobalSection(ExtensibilityGlobals) = postSolution
		SolutionGuid = {D0E0B392-C986-47C6-AF34-6A661D70AA8B}
	EndGlobalSection
EndGlobal
