<?xml version="1.0" encoding="utf-8"?>
<Project ToolsVersion="4.0" xmlns="http://schemas.microsoft.com/developer/msbuild/2003">
  <ItemGroup>
    <Filter Include="Renderer">
      <UniqueIdentifier>{d8ae9304-0fa2-4082-9279-b0f2cd44c458}</UniqueIdentifier>
    </Filter>
    <Filter Include="Renderer\D3D12">
      <UniqueIdentifier>{2951aca0-7a81-425a-8729-9168e9dcf76e}</UniqueIdentifier>
    </Filter>
    <Filter Include="Core">
      <UniqueIdentifier>{b79ea0a0-9943-46ea-82f3-a17ab1883e9e}</UniqueIdentifier>
    </Filter>
    <Filter Include="Misc">
      <UniqueIdentifier>{fe25d9cd-3089-4e59-ae14-89f3ef7e1870}</UniqueIdentifier>
    </Filter>
    <Filter Include="Misc\Utils">
      <UniqueIdentifier>{6dbd188b-2633-4918-b55c-633ea89c93eb}</UniqueIdentifier>
    </Filter>
  </ItemGroup>
  <ItemGroup>
    <None Include="packages.config" />
  </ItemGroup>
  <ItemGroup>
    <ClCompile Include="D3D12\D3D12CommandList.cpp">
      <Filter>Renderer\D3D12</Filter>
    </ClCompile>
    <ClCompile Include="D3D12\D3D12Descriptors.cpp">
      <Filter>Renderer\D3D12</Filter>
    </ClCompile>
    <ClCompile Include="D3D12\D3D12Device.cpp">
      <Filter>Renderer\D3D12</Filter>
    </ClCompile>
    <ClCompile Include="D3D12\D3D12Renderer.cpp">
      <Filter>Renderer\D3D12</Filter>
    </ClCompile>
    <ClCompile Include="D3D12\D3D12Resource.cpp">
      <Filter>Renderer\D3D12</Filter>
    </ClCompile>
    <ClCompile Include="D3D12\D3D12Texture.cpp">
      <Filter>Renderer\D3D12</Filter>
    </ClCompile>
    <ClCompile Include="D3D12\D3D12Util.cpp">
      <Filter>Renderer\D3D12</Filter>
    </ClCompile>
    <ClCompile Include="D3D12\D3D12Viewport.cpp">
      <Filter>Renderer\D3D12</Filter>
    </ClCompile>
    <ClCompile Include="Core\dllmain.cpp">
      <Filter>Core</Filter>
    </ClCompile>
    <ClCompile Include="Misc\Utils\IndexCreator.cpp">
      <Filter>Misc\Utils</Filter>
    </ClCompile>
    <ClCompile Include="private\IdealRendererV2Factory.cpp" />
    <ClCompile Include="Graphics\RenderPasses\RenderPass.cpp" />
    <ClCompile Include="Graphics\RenderPasses\DeferredRenderPass.cpp" />
  </ItemGroup>
  <ItemGroup>
    <ClInclude Include="D3D12\D3D12CommandList.h">
      <Filter>Renderer\D3D12</Filter>
    </ClInclude>
    <ClInclude Include="D3D12\D3D12Definition.h">
      <Filter>Renderer\D3D12</Filter>
    </ClInclude>
    <ClInclude Include="D3D12\D3D12Descriptors.h">
      <Filter>Renderer\D3D12</Filter>
    </ClInclude>
    <ClInclude Include="D3D12\D3D12Device.h">
      <Filter>Renderer\D3D12</Filter>
    </ClInclude>
    <ClInclude Include="D3D12\D3D12Renderer.h">
      <Filter>Renderer\D3D12</Filter>
    </ClInclude>
    <ClInclude Include="D3D12\D3D12Resource.h">
      <Filter>Renderer\D3D12</Filter>
    </ClInclude>
    <ClInclude Include="D3D12\D3D12Texture.h">
      <Filter>Renderer\D3D12</Filter>
    </ClInclude>
    <ClInclude Include="D3D12\D3D12Thirdparty.h">
      <Filter>Renderer\D3D12</Filter>
    </ClInclude>
    <ClInclude Include="D3D12\D3D12Util.h">
      <Filter>Renderer\D3D12</Filter>
    </ClInclude>
    <ClInclude Include="D3D12\D3D12Viewport.h">
      <Filter>Renderer\D3D12</Filter>
    </ClInclude>
    <ClInclude Include="Core\Core.h">
      <Filter>Core</Filter>
    </ClInclude>
    <ClInclude Include="Core\Types.h">
      <Filter>Core</Filter>
    </ClInclude>
    <ClInclude Include="Misc\Utils\IndexCreator.h">
      <Filter>Misc\Utils</Filter>
    </ClInclude>
    <ClInclude Include="public\IdealRendererV2.h" />
    <ClInclude Include="public\IdealRendererV2Factory.h" />
    <ClInclude Include="public\IdealRendererV2Desc.h" />
    <ClInclude Include="Misc\Debugger\PIX.h" />
    <ClInclude Include="Graphics\RenderPasses\RenderPass.h" />
    <ClInclude Include="Graphics\RenderPasses\DeferredRenderPass.h" />
  </ItemGroup>
</Project>